
Microsoft Visual Studio Solution File, Format Version 12.00
# Visual Studio 15
VisualStudioVersion = 15.0.26124.0
MinimumVisualStudioVersion = 15.0.26124.0
Project("{9A19103F-16F7-4668-BE54-9A1E7A4F7556}") = "CustomerApi", "CustomerApi\CustomerApi.csproj", "{D4F3E8D5-536B-4577-9CDA-C3D962C09595}"
EndProject
Project("{9A19103F-16F7-4668-BE54-9A1E7A4F7556}") = "EmployeeApi", "EmployeeApi\EmployeeApi.csproj", "{F24A9411-4A5A-4110-BA00-5B10712820B5}"
EndProject
Project("{9A19103F-16F7-4668-BE54-9A1E7A4F7556}") = "GatewayApi", "GatewayApi\GatewayApi.csproj", "{02EF4BC8-7A98-4F2C-8CBD-C39518F559B5}"
EndProject
Global
	GlobalSection(SolutionConfigurationPlatforms) = preSolution
		Debug|Any CPU = Debug|Any CPU
		Debug|x64 = Debug|x64
		Debug|x86 = Debug|x86
		Release|Any CPU = Release|Any CPU
		Release|x64 = Release|x64
		Release|x86 = Release|x86
	EndGlobalSection
	GlobalSection(ProjectConfigurationPlatforms) = postSolution
		{D4F3E8D5-536B-4577-9CDA-C3D962C09595}.Debug|Any CPU.ActiveCfg = Debug|Any CPU
		{D4F3E8D5-536B-4577-9CDA-C3D962C09595}.Debug|Any CPU.Build.0 = Debug|Any CPU
		{D4F3E8D5-536B-4577-9CDA-C3D962C09595}.Debug|x64.ActiveCfg = Debug|Any CPU
		{D4F3E8D5-536B-4577-9CDA-C3D962C09595}.Debug|x64.Build.0 = Debug|Any CPU
		{D4F3E8D5-536B-4577-9CDA-C3D962C09595}.Debug|x86.ActiveCfg = Debug|Any CPU
		{D4F3E8D5-536B-4577-9CDA-C3D962C09595}.Debug|x86.Build.0 = Debug|Any CPU
		{D4F3E8D5-536B-4577-9CDA-C3D962C09595}.Release|Any CPU.ActiveCfg = Release|Any CPU
		{D4F3E8D5-536B-4577-9CDA-C3D962C09595}.Release|Any CPU.Build.0 = Release|Any CPU
		{D4F3E8D5-536B-4577-9CDA-C3D962C09595}.Release|x64.ActiveCfg = Release|Any CPU
		{D4F3E8D5-536B-4577-9CDA-C3D962C09595}.Release|x64.Build.0 = Release|Any CPU
		{D4F3E8D5-536B-4577-9CDA-C3D962C09595}.Release|x86.ActiveCfg = Release|Any CPU
		{D4F3E8D5-536B-4577-9CDA-C3D962C09595}.Release|x86.Build.0 = Release|Any CPU
		{F24A9411-4A5A-4110-BA00-5B10712820B5}.Debug|Any CPU.ActiveCfg = Debug|Any CPU
		{F24A9411-4A5A-4110-BA00-5B10712820B5}.Debug|Any CPU.Build.0 = Debug|Any CPU
		{F24A9411-4A5A-4110-BA00-5B10712820B5}.Debug|x64.ActiveCfg = Debug|Any CPU
		{F24A9411-4A5A-4110-BA00-5B10712820B5}.Debug|x64.Build.0 = Debug|Any CPU
		{F24A9411-4A5A-4110-BA00-5B10712820B5}.Debug|x86.ActiveCfg = Debug|Any CPU
		{F24A9411-4A5A-4110-BA00-5B10712820B5}.Debug|x86.Build.0 = Debug|Any CPU
		{F24A9411-4A5A-4110-BA00-5B10712820B5}.Release|Any CPU.ActiveCfg = Release|Any CPU
		{F24A9411-4A5A-4110-BA00-5B10712820B5}.Release|Any CPU.Build.0 = Release|Any CPU
		{F24A9411-4A5A-4110-BA00-5B10712820B5}.Release|x64.ActiveCfg = Release|Any CPU
		{F24A9411-4A5A-4110-BA00-5B10712820B5}.Release|x64.Build.0 = Release|Any CPU
		{F24A9411-4A5A-4110-BA00-5B10712820B5}.Release|x86.ActiveCfg = Release|Any CPU
		{F24A9411-4A5A-4110-BA00-5B10712820B5}.Release|x86.Build.0 = Release|Any CPU
		{02EF4BC8-7A98-4F2C-8CBD-C39518F559B5}.Debug|Any CPU.ActiveCfg = Debug|Any CPU
		{02EF4BC8-7A98-4F2C-8CBD-C39518F559B5}.Debug|Any CPU.Build.0 = Debug|Any CPU
		{02EF4BC8-7A98-4F2C-8CBD-C39518F559B5}.Debug|x64.ActiveCfg = Debug|Any CPU
		{02EF4BC8-7A98-4F2C-8CBD-C39518F559B5}.Debug|x64.Build.0 = Debug|Any CPU
		{02EF4BC8-7A98-4F2C-8CBD-C39518F559B5}.Debug|x86.ActiveCfg = Debug|Any CPU
		{02EF4BC8-7A98-4F2C-8CBD-C39518F559B5}.Debug|x86.Build.0 = Debug|Any CPU
		{02EF4BC8-7A98-4F2C-8CBD-C39518F559B5}.Release|Any CPU.ActiveCfg = Release|Any CPU
		{02EF4BC8-7A98-4F2C-8CBD-C39518F559B5}.Release|Any CPU.Build.0 = Release|Any CPU
		{02EF4BC8-7A98-4F2C-8CBD-C39518F559B5}.Release|x64.ActiveCfg = Release|Any CPU
		{02EF4BC8-7A98-4F2C-8CBD-C39518F559B5}.Release|x64.Build.0 = Release|Any CPU
		{02EF4BC8-7A98-4F2C-8CBD-C39518F559B5}.Release|x86.ActiveCfg = Release|Any CPU
		{02EF4BC8-7A98-4F2C-8CBD-C39518F559B5}.Release|x86.Build.0 = Release|Any CPU
	EndGlobalSection
	GlobalSection(SolutionProperties) = preSolution
		HideSolutionNode = FALSE
	EndGlobalSection
	GlobalSection(ExtensibilityGlobals) = postSolution
		SolutionGuid = {19607835-E8D8-464A-9012-CE1D510EF11F}
	EndGlobalSection
EndGlobal
